name: Refresh lockfile

on:
  push:
    branches: [hardening/final-structural-round]

jobs:
  lockfile:
    runs-on: ubuntu-latest
    steps:
      - uses: actions/checkout@v4
      - uses: actions/setup-node@v4
        with:
          node-version-file: .node-version
          cache: npm
      - run: npm install --package-lock-only --ignore-scripts
      - uses: actions/upload-artifact@v4
        with:
          name: package-lock
          path: package-lock.json
